// !$*UTF8*$!
{
	archiveVersion = 1;
	classes = {
	};
	objectVersion = 56;
	objects = {

/* Begin PBXBuildFile section */
		441F443A2C89A6D2005CD0DB /* Favorite.swift in Sources */ = {isa = PBXBuildFile; fileRef = 441F44392C89A6D2005CD0DB /* Favorite.swift */; };
		44218BE52C88777C006785D6 /* SideInfo.swift in Sources */ = {isa = PBXBuildFile; fileRef = 44218BE42C88777C006785D6 /* SideInfo.swift */; };
		44218BE72C887842006785D6 /* BottomInfo.swift in Sources */ = {isa = PBXBuildFile; fileRef = 44218BE62C887842006785D6 /* BottomInfo.swift */; };
		442A66522C7F1E5E00790EA3 /* DetailView.swift in Sources */ = {isa = PBXBuildFile; fileRef = 442A66512C7F1E5E00790EA3 /* DetailView.swift */; };
		4461F01F2C8849A7008CA82C /* ContentView.swift in Sources */ = {isa = PBXBuildFile; fileRef = 4461F01E2C8849A7008CA82C /* ContentView.swift */; };
		44FD84D52C786CD60083757D /* movieNightApp.swift in Sources */ = {isa = PBXBuildFile; fileRef = 44FD84D42C786CD60083757D /* movieNightApp.swift */; };
		44FD84D92C786CD70083757D /* Assets.xcassets in Resources */ = {isa = PBXBuildFile; fileRef = 44FD84D82C786CD70083757D /* Assets.xcassets */; };
		44FD84DC2C786CD70083757D /* Preview Assets.xcassets in Resources */ = {isa = PBXBuildFile; fileRef = 44FD84DB2C786CD70083757D /* Preview Assets.xcassets */; };
		44FD84E32C78748E0083757D /* Movie.swift in Sources */ = {isa = PBXBuildFile; fileRef = 44FD84E22C78748E0083757D /* Movie.swift */; };
		44FD84E52C7875CA0083757D /* MoviesView.swift in Sources */ = {isa = PBXBuildFile; fileRef = 44FD84E42C7875CA0083757D /* MoviesView.swift */; };
		44FD84E72C7880820083757D /* Row.swift in Sources */ = {isa = PBXBuildFile; fileRef = 44FD84E62C7880820083757D /* Row.swift */; };
/* End PBXBuildFile section */

/* Begin PBXFileReference section */
		441F44392C89A6D2005CD0DB /* Favorite.swift */ = {isa = PBXFileReference; lastKnownFileType = sourcecode.swift; path = Favorite.swift; sourceTree = "<group>"; };
		44218BE42C88777C006785D6 /* SideInfo.swift */ = {isa = PBXFileReference; fileEncoding = 4; lastKnownFileType = sourcecode.swift; name = SideInfo.swift; path = ../../../../../../../Desktop/Movie/Movie/SideInfo.swift; sourceTree = "<group>"; };
		44218BE62C887842006785D6 /* BottomInfo.swift */ = {isa = PBXFileReference; fileEncoding = 4; lastKnownFileType = sourcecode.swift; path = BottomInfo.swift; sourceTree = "<group>"; };
		442A66512C7F1E5E00790EA3 /* DetailView.swift */ = {isa = PBXFileReference; lastKnownFileType = sourcecode.swift; path = DetailView.swift; sourceTree = "<group>"; };
		4461F01E2C8849A7008CA82C /* ContentView.swift */ = {isa = PBXFileReference; lastKnownFileType = sourcecode.swift; path = ContentView.swift; sourceTree = "<group>"; };
		44FD84D12C786CD60083757D /* movieNight.app */ = {isa = PBXFileReference; explicitFileType = wrapper.application; includeInIndex = 0; path = movieNight.app; sourceTree = BUILT_PRODUCTS_DIR; };
		44FD84D42C786CD60083757D /* movieNightApp.swift */ = {isa = PBXFileReference; lastKnownFileType = sourcecode.swift; path = movieNightApp.swift; sourceTree = "<group>"; };
		44FD84D82C786CD70083757D /* Assets.xcassets */ = {isa = PBXFileReference; lastKnownFileType = folder.assetcatalog; path = Assets.xcassets; sourceTree = "<group>"; };
		44FD84DB2C786CD70083757D /* Preview Assets.xcassets */ = {isa = PBXFileReference; lastKnownFileType = folder.assetcatalog; path = "Preview Assets.xcassets"; sourceTree = "<group>"; };
		44FD84E22C78748E0083757D /* Movie.swift */ = {isa = PBXFileReference; lastKnownFileType = sourcecode.swift; path = Movie.swift; sourceTree = "<group>"; };
		44FD84E42C7875CA0083757D /* MoviesView.swift */ = {isa = PBXFileReference; lastKnownFileType = sourcecode.swift; path = MoviesView.swift; sourceTree = "<group>"; };
		44FD84E62C7880820083757D /* Row.swift */ = {isa = PBXFileReference; lastKnownFileType = sourcecode.swift; path = Row.swift; sourceTree = "<group>"; };
/* End PBXFileReference section */

/* Begin PBXFrameworksBuildPhase section */
		44FD84CE2C786CD60083757D /* Frameworks */ = {
			isa = PBXFrameworksBuildPhase;
			buildActionMask = 2147483647;
			files = (
			);
			runOnlyForDeploymentPostprocessing = 0;
		};
/* End PBXFrameworksBuildPhase section */

/* Begin PBXGroup section */
		44FD84C82C786CD60083757D = {
			isa = PBXGroup;
			children = (
				44FD84D32C786CD60083757D /* movieNight */,
				44FD84D22C786CD60083757D /* Products */,
			);
			sourceTree = "<group>";
		};
		44FD84D22C786CD60083757D /* Products */ = {
			isa = PBXGroup;
			children = (
				44FD84D12C786CD60083757D /* movieNight.app */,
			);
			name = Products;
			sourceTree = "<group>";
		};
		44FD84D32C786CD60083757D /* movieNight */ = {
			isa = PBXGroup;
			children = (
				44FD84D42C786CD60083757D /* movieNightApp.swift */,
				4461F01E2C8849A7008CA82C /* ContentView.swift */,
				44FD84E42C7875CA0083757D /* MoviesView.swift */,
				442A66512C7F1E5E00790EA3 /* DetailView.swift */,
				44218BE42C88777C006785D6 /* SideInfo.swift */,
				441F44392C89A6D2005CD0DB /* Favorite.swift */,
				44218BE62C887842006785D6 /* BottomInfo.swift */,
				44FD84E62C7880820083757D /* Row.swift */,
				44FD84E22C78748E0083757D /* Movie.swift */,
				44FD84D82C786CD70083757D /* Assets.xcassets */,
				44FD84DA2C786CD70083757D /* Preview Content */,
			);
			path = movieNight;
			sourceTree = "<group>";
		};
		44FD84DA2C786CD70083757D /* Preview Content */ = {
			isa = PBXGroup;
			children = (
				44FD84DB2C786CD70083757D /* Preview Assets.xcassets */,
			);
			path = "Preview Content";
			sourceTree = "<group>";
		};
/* End PBXGroup section */

/* Begin PBXNativeTarget section */
		44FD84D02C786CD60083757D /* movieNight */ = {
			isa = PBXNativeTarget;
			buildConfigurationList = 44FD84DF2C786CD70083757D /* Build configuration list for PBXNativeTarget "movieNight" */;
			buildPhases = (
				44FD84CD2C786CD60083757D /* Sources */,
				44FD84CE2C786CD60083757D /* Frameworks */,
				44FD84CF2C786CD60083757D /* Resources */,
			);
			buildRules = (
			);
			dependencies = (
			);
			name = movieNight;
			productName = movieNight;
			productReference = 44FD84D12C786CD60083757D /* movieNight.app */;
			productType = "com.apple.product-type.application";
		};
/* End PBXNativeTarget section */

/* Begin PBXProject section */
		44FD84C92C786CD60083757D /* Project object */ = {
			isa = PBXProject;
			attributes = {
				BuildIndependentTargetsInParallel = 1;
				LastSwiftUpdateCheck = 1540;
				LastUpgradeCheck = 1540;
				TargetAttributes = {
					44FD84D02C786CD60083757D = {
						CreatedOnToolsVersion = 15.4;
					};
				};
			};
			buildConfigurationList = 44FD84CC2C786CD60083757D /* Build configuration list for PBXProject "movieNight" */;
			compatibilityVersion = "Xcode 14.0";
			developmentRegion = en;
			hasScannedForEncodings = 0;
			knownRegions = (
				en,
				Base,
			);
			mainGroup = 44FD84C82C786CD60083757D;
			productRefGroup = 44FD84D22C786CD60083757D /* Products */;
			projectDirPath = "";
			projectRoot = "";
			targets = (
				44FD84D02C786CD60083757D /* movieNight */,
			);
		};
/* End PBXProject section */

/* Begin PBXResourcesBuildPhase section */
		44FD84CF2C786CD60083757D /* Resources */ = {
			isa = PBXResourcesBuildPhase;
			buildActionMask = 2147483647;
			files = (
				44FD84DC2C786CD70083757D /* Preview Assets.xcassets in Resources */,
				44FD84D92C786CD70083757D /* Assets.xcassets in Resources */,
			);
			runOnlyForDeploymentPostprocessing = 0;
		};
/* End PBXResourcesBuildPhase section */

/* Begin PBXSourcesBuildPhase section */
		44FD84CD2C786CD60083757D /* Sources */ = {
			isa = PBXSourcesBuildPhase;
			buildActionMask = 2147483647;
			files = (
				442A66522C7F1E5E00790EA3 /* DetailView.swift in Sources */,
				44FD84E52C7875CA0083757D /* MoviesView.swift in Sources */,
				44218BE52C88777C006785D6 /* SideInfo.swift in Sources */,
				4461F01F2C8849A7008CA82C /* ContentView.swift in Sources */,
				44218BE72C887842006785D6 /* BottomInfo.swift in Sources */,
				44FD84D52C786CD60083757D /* movieNightApp.swift in Sources */,
				441F443A2C89A6D2005CD0DB /* Favorite.swift in Sources */,
				44FD84E72C7880820083757D /* Row.swift in Sources */,
				44FD84E32C78748E0083757D /* Movie.swift in Sources */,
			);
			runOnlyForDeploymentPostprocessing = 0;
		};
/* End PBXSourcesBuildPhase section */

/* Begin XCBuildConfiguration section */
		44FD84DD2C786CD70083757D /* Debug */ = {
			isa = XCBuildConfiguration;
			buildSettings = {
				ALWAYS_SEARCH_USER_PATHS = NO;
				ASSETCATALOG_COMPILER_GENERATE_SWIFT_ASSET_SYMBOL_EXTENSIONS = YES;
				CLANG_ANALYZER_NONNULL = YES;
				CLANG_ANALYZER_NUMBER_OBJECT_CONVERSION = YES_AGGRESSIVE;
				CLANG_CXX_LANGUAGE_STANDARD = "gnu++20";
				CLANG_ENABLE_MODULES = YES;
				CLANG_ENABLE_OBJC_ARC = YES;
				CLANG_ENABLE_OBJC_WEAK = YES;
				CLANG_WARN_BLOCK_CAPTURE_AUTORELEASING = YES;
				CLANG_WARN_BOOL_CONVERSION = YES;
				CLANG_WARN_COMMA = YES;
				CLANG_WARN_CONSTANT_CONVERSION = YES;
				CLANG_WARN_DEPRECATED_OBJC_IMPLEMENTATIONS = YES;
				CLANG_WARN_DIRECT_OBJC_ISA_USAGE = YES_ERROR;
				CLANG_WARN_DOCUMENTATION_COMMENTS = YES;
				CLANG_WARN_EMPTY_BODY = YES;
				CLANG_WARN_ENUM_CONVERSION = YES;
				CLANG_WARN_INFINITE_RECURSION = YES;
				CLANG_WARN_INT_CONVERSION = YES;
				CLANG_WARN_NON_LITERAL_NULL_CONVERSION = YES;
				CLANG_WARN_OBJC_IMPLICIT_RETAIN_SELF = YES;
				CLANG_WARN_OBJC_LITERAL_CONVERSION = YES;
				CLANG_WARN_OBJC_ROOT_CLASS = YES_ERROR;
				CLANG_WARN_QUOTED_INCLUDE_IN_FRAMEWORK_HEADER = YES;
				CLANG_WARN_RANGE_LOOP_ANALYSIS = YES;
				CLANG_WARN_STRICT_PROTOTYPES = YES;
				CLANG_WARN_SUSPICIOUS_MOVE = YES;
				CLANG_WARN_UNGUARDED_AVAILABILITY = YES_AGGRESSIVE;
				CLANG_WARN_UNREACHABLE_CODE = YES;
				CLANG_WARN__DUPLICATE_METHOD_MATCH = YES;
				COPY_PHASE_STRIP = NO;
				DEBUG_INFORMATION_FORMAT = dwarf;
				ENABLE_STRICT_OBJC_MSGSEND = YES;
				ENABLE_TESTABILITY = YES;
				ENABLE_USER_SCRIPT_SANDBOXING = YES;
				GCC_C_LANGUAGE_STANDARD = gnu17;
				GCC_DYNAMIC_NO_PIC = NO;
				GCC_NO_COMMON_BLOCKS = YES;
				GCC_OPTIMIZATION_LEVEL = 0;
				GCC_PREPROCESSOR_DEFINITIONS = (
					"DEBUG=1",
					"$(inherited)",
				);
				GCC_WARN_64_TO_32_BIT_CONVERSION = YES;
				GCC_WARN_ABOUT_RETURN_TYPE = YES_ERROR;
				GCC_WARN_UNDECLARED_SELECTOR = YES;
				GCC_WARN_UNINITIALIZED_AUTOS = YES_AGGRESSIVE;
				GCC_WARN_UNUSED_FUNCTION = YES;
				GCC_WARN_UNUSED_VARIABLE = YES;
				IPHONEOS_DEPLOYMENT_TARGET = 17.5;
				LOCALIZATION_PREFERS_STRING_CATALOGS = YES;
				MTL_ENABLE_DEBUG_INFO = INCLUDE_SOURCE;
				MTL_FAST_MATH = YES;
				ONLY_ACTIVE_ARCH = YES;
				SDKROOT = iphoneos;
				SWIFT_ACTIVE_COMPILATION_CONDITIONS = "DEBUG $(inherited)";
				SWIFT_OPTIMIZATION_LEVEL = "-Onone";
			};
			name = Debug;
		};
		44FD84DE2C786CD70083757D /* Release */ = {
			isa = XCBuildConfiguration;
			buildSettings = {
				ALWAYS_SEARCH_USER_PATHS = NO;
				ASSETCATALOG_COMPILER_GENERATE_SWIFT_ASSET_SYMBOL_EXTENSIONS = YES;
				CLANG_ANALYZER_NONNULL = YES;
				CLANG_ANALYZER_NUMBER_OBJECT_CONVERSION = YES_AGGRESSIVE;
				CLANG_CXX_LANGUAGE_STANDARD = "gnu++20";
				CLANG_ENABLE_MODULES = YES;
				CLANG_ENABLE_OBJC_ARC = YES;
				CLANG_ENABLE_OBJC_WEAK = YES;
				CLANG_WARN_BLOCK_CAPTURE_AUTORELEASING = YES;
				CLANG_WARN_BOOL_CONVERSION = YES;
				CLANG_WARN_COMMA = YES;
				CLANG_WARN_CONSTANT_CONVERSION = YES;
				CLANG_WARN_DEPRECATED_OBJC_IMPLEMENTATIONS = YES;
				CLANG_WARN_DIRECT_OBJC_ISA_USAGE = YES_ERROR;
				CLANG_WARN_DOCUMENTATION_COMMENTS = YES;
				CLANG_WARN_EMPTY_BODY = YES;
				CLANG_WARN_ENUM_CONVERSION = YES;
				CLANG_WARN_INFINITE_RECURSION = YES;
				CLANG_WARN_INT_CONVERSION = YES;
				CLANG_WARN_NON_LITERAL_NULL_CONVERSION = YES;
				CLANG_WARN_OBJC_IMPLICIT_RETAIN_SELF = YES;
				CLANG_WARN_OBJC_LITERAL_CONVERSION = YES;
				CLANG_WARN_OBJC_ROOT_CLASS = YES_ERROR;
				CLANG_WARN_QUOTED_INCLUDE_IN_FRAMEWORK_HEADER = YES;
				CLANG_WARN_RANGE_LOOP_ANALYSIS = YES;
				CLANG_WARN_STRICT_PROTOTYPES = YES;
				CLANG_WARN_SUSPICIOUS_MOVE = YES;
				CLANG_WARN_UNGUARDED_AVAILABILITY = YES_AGGRESSIVE;
				CLANG_WARN_UNREACHABLE_CODE = YES;
				CLANG_WARN__DUPLICATE_METHOD_MATCH = YES;
				COPY_PHASE_STRIP = NO;
				DEBUG_INFORMATION_FORMAT = "dwarf-with-dsym";
				ENABLE_NS_ASSERTIONS = NO;
				ENABLE_STRICT_OBJC_MSGSEND = YES;
				ENABLE_USER_SCRIPT_SANDBOXING = YES;
				GCC_C_LANGUAGE_STANDARD = gnu17;
				GCC_NO_COMMON_BLOCKS = YES;
				GCC_WARN_64_TO_32_BIT_CONVERSION = YES;
				GCC_WARN_ABOUT_RETURN_TYPE = YES_ERROR;
				GCC_WARN_UNDECLARED_SELECTOR = YES;
				GCC_WARN_UNINITIALIZED_AUTOS = YES_AGGRESSIVE;
				GCC_WARN_UNUSED_FUNCTION = YES;
				GCC_WARN_UNUSED_VARIABLE = YES;
				IPHONEOS_DEPLOYMENT_TARGET = 17.5;
				LOCALIZATION_PREFERS_STRING_CATALOGS = YES;
				MTL_ENABLE_DEBUG_INFO = NO;
				MTL_FAST_MATH = YES;
				SDKROOT = iphoneos;
				SWIFT_COMPILATION_MODE = wholemodule;
				VALIDATE_PRODUCT = YES;
			};
			name = Release;
		};
		44FD84E02C786CD70083757D /* Debug */ = {
			isa = XCBuildConfiguration;
			buildSettings = {
				ASSETCATALOG_COMPILER_APPICON_NAME = AppIcon;
				ASSETCATALOG_COMPILER_GLOBAL_ACCENT_COLOR_NAME = AccentColor;
				CODE_SIGN_STYLE = Automatic;
				CURRENT_PROJECT_VERSION = 1;
				DEVELOPMENT_ASSET_PATHS = "\"movieNight/Preview Content\"";
				DEVELOPMENT_TEAM = 2ABM7Y56LW;
				ENABLE_PREVIEWS = YES;
				GENERATE_INFOPLIST_FILE = YES;
				INFOPLIST_KEY_UIApplicationSceneManifest_Generation = YES;
				INFOPLIST_KEY_UIApplicationSupportsIndirectInputEvents = YES;
				INFOPLIST_KEY_UILaunchScreen_Generation = YES;
				INFOPLIST_KEY_UISupportedInterfaceOrientations_iPad = "UIInterfaceOrientationPortrait UIInterfaceOrientationPortraitUpsideDown UIInterfaceOrientationLandscapeLeft UIInterfaceOrientationLandscapeRight";
				INFOPLIST_KEY_UISupportedInterfaceOrientations_iPhone = "UIInterfaceOrientationPortrait UIInterfaceOrientationLandscapeLeft UIInterfaceOrientationLandscapeRight";
				LD_RUNPATH_SEARCH_PATHS = (
					"$(inherited)",
					"@executable_path/Frameworks",
				);
				MARKETING_VERSION = 1.0;
				PRODUCT_BUNDLE_IDENTIFIER = com.didriksen.kaj.movieNight;
				PRODUCT_NAME = "$(TARGET_NAME)";
				SWIFT_EMIT_LOC_STRINGS = YES;
				SWIFT_VERSION = 5.0;
				TARGETED_DEVICE_FAMILY = "1,2";
			};
			name = Debug;
		};
		44FD84E12C786CD70083757D /* Release */ = {
			isa = XCBuildConfiguration;
			buildSettings = {
				ASSETCATALOG_COMPILER_APPICON_NAME = AppIcon;
				ASSETCATALOG_COMPILER_GLOBAL_ACCENT_COLOR_NAME = AccentColor;
				CODE_SIGN_STYLE = Automatic;
				CURRENT_PROJECT_VERSION = 1;
				DEVELOPMENT_ASSET_PATHS = "\"movieNight/Preview Content\"";
				DEVELOPMENT_TEAM = 2ABM7Y56LW;
				ENABLE_PREVIEWS = YES;
				GENERATE_INFOPLIST_FILE = YES;
				INFOPLIST_KEY_UIApplicationSceneManifest_Generation = YES;
				INFOPLIST_KEY_UIApplicationSupportsIndirectInputEvents = YES;
				INFOPLIST_KEY_UILaunchScreen_Generation = YES;
				INFOPLIST_KEY_UISupportedInterfaceOrientations_iPad = "UIInterfaceOrientationPortrait UIInterfaceOrientationPortraitUpsideDown UIInterfaceOrientationLandscapeLeft UIInterfaceOrientationLandscapeRight";
				INFOPLIST_KEY_UISupportedInterfaceOrientations_iPhone = "UIInterfaceOrientationPortrait UIInterfaceOrientationLandscapeLeft UIInterfaceOrientationLandscapeRight";
				LD_RUNPATH_SEARCH_PATHS = (
					"$(inherited)",
					"@executable_path/Frameworks",
				);
				MARKETING_VERSION = 1.0;
				PRODUCT_BUNDLE_IDENTIFIER = com.didriksen.kaj.movieNight;
				PRODUCT_NAME = "$(TARGET_NAME)";
				SWIFT_EMIT_LOC_STRINGS = YES;
				SWIFT_VERSION = 5.0;
				TARGETED_DEVICE_FAMILY = "1,2";
			};
			name = Release;
		};
/* End XCBuildConfiguration section */

/* Begin XCConfigurationList section */
		44FD84CC2C786CD60083757D /* Build configuration list for PBXProject "movieNight" */ = {
			isa = XCConfigurationList;
			buildConfigurations = (
				44FD84DD2C786CD70083757D /* Debug */,
				44FD84DE2C786CD70083757D /* Release */,
			);
			defaultConfigurationIsVisible = 0;
			defaultConfigurationName = Release;
		};
		44FD84DF2C786CD70083757D /* Build configuration list for PBXNativeTarget "movieNight" */ = {
			isa = XCConfigurationList;
			buildConfigurations = (
				44FD84E02C786CD70083757D /* Debug */,
				44FD84E12C786CD70083757D /* Release */,
			);
			defaultConfigurationIsVisible = 0;
			defaultConfigurationName = Release;
		};
/* End XCConfigurationList section */
	};
	rootObject = 44FD84C92C786CD60083757D /* Project object */;
}
